{
  "name": "wakeflow-repo",
  "version": "0.0.0",
  "lockfileVersion": 3,
  "requires": true,
  "packages": {
    "": {
      "name": "wakeflow-repo",
      "version": "0.0.0",
      "workspaces": [
        "plugins/codex-wakeflow",
        "plugins/claude-code-wakeflow"
      ],
      "engines": {
        "node": ">=20"
      }
    },
    "node_modules/claude-code-wakeflow": {
      "resolved": "plugins/claude-code-wakeflow",
      "link": true
    },
    "node_modules/wakeflow": {
      "resolved": "plugins/codex-wakeflow",
      "link": true
    },
    "plugins/claude-code-wakeflow": {
      "version": "0.5.5",
      "license": "MIT",
      "bin": {
        "wakeflow-mcp": "mcp/server.cjs"
      },
      "engines": {
        "node": ">=20"
      }
    },
    "plugins/codex-wakeflow": {
      "name": "wakeflow",
      "version": "0.5.5",
      "license": "MIT",
      "bin": {
        "wakeflow-mcp": "mcp/server.cjs"
      },
      "engines": {
        "node": ">=20"
      }
    }
  }
}
